
Microsoft Visual Studio Solution File, Format Version 12.00
# Visual Studio Version 17
VisualStudioVersion = 17.7.34031.279
MinimumVisualStudioVersion = 10.0.40219.1
Project("{9A19103F-16F7-4668-BE54-9A1E7A4F7556}") = "dz", "dz.csproj", "{5D1AB9AA-2C3D-4214-9977-B54C39EFF431}"
EndProject
Project("{9A19103F-16F7-4668-BE54-9A1E7A4F7556}") = "dz2", "dz2\dz2.csproj", "{7EAA91D2-BDFF-4368-B538-5FCF06B32F06}"
EndProject
Project("{9A19103F-16F7-4668-BE54-9A1E7A4F7556}") = "dz2_a", "dz2\dz2_a\dz2_a.csproj", "{727F83E5-465A-4734-928E-B6537E3C1904}"
EndProject
Project("{9A19103F-16F7-4668-BE54-9A1E7A4F7556}") = "dz2_b", "dz2\dz2_b\dz2_b.csproj", "{B2394405-7262-42DF-B292-93CB13141B8C}"
EndProject
Project("{9A19103F-16F7-4668-BE54-9A1E7A4F7556}") = "dz2_v", "dz2\dz2_v\dz2_v.csproj", "{12FB9598-707E-41A0-BEDB-B3DF3F1F56C6}"
EndProject
Project("{FAE04EC0-301F-11D3-BF4B-00C04F79EFBC}") = "dz_3", "dz_3\dz_3.csproj", "{69D2F19A-3589-4DE5-8323-D736500F65F1}"
EndProject
Project("{FAE04EC0-301F-11D3-BF4B-00C04F79EFBC}") = "dz_3_1", "dz_3\dz_3_1\dz_3_1.csproj", "{3E8FFBAB-4BDF-473B-A2F1-5497285CFF3E}"
EndProject
Project("{FAE04EC0-301F-11D3-BF4B-00C04F79EFBC}") = "dz_3_2", "dz_3\dz_3_2\dz_3_2.csproj", "{AC500114-13B6-4684-985B-8679BAEF4812}"
EndProject
Project("{FAE04EC0-301F-11D3-BF4B-00C04F79EFBC}") = "dz_3_3", "dz_3\dz_3_3\dz_3_3.csproj", "{681C1D7D-EAAF-4E4A-A62D-91F40D863D6A}"
EndProject
Project("{FAE04EC0-301F-11D3-BF4B-00C04F79EFBC}") = "dz_3_4", "dz_3\dz_3_4\dz_3_4.csproj", "{4966FA44-FE88-4641-85DF-BC498B86BA03}"
EndProject
Project("{FAE04EC0-301F-11D3-BF4B-00C04F79EFBC}") = "dz_3_5", "dz_3\dz_3_5\dz_3_5.csproj", "{E4D0676B-B407-4E11-9689-83A6A0E470F3}"
EndProject
Global
	GlobalSection(SolutionConfigurationPlatforms) = preSolution
		Debug|Any CPU = Debug|Any CPU
		Release|Any CPU = Release|Any CPU
	EndGlobalSection
	GlobalSection(ProjectConfigurationPlatforms) = postSolution
		{5D1AB9AA-2C3D-4214-9977-B54C39EFF431}.Debug|Any CPU.ActiveCfg = Debug|Any CPU
		{5D1AB9AA-2C3D-4214-9977-B54C39EFF431}.Debug|Any CPU.Build.0 = Debug|Any CPU
		{5D1AB9AA-2C3D-4214-9977-B54C39EFF431}.Release|Any CPU.ActiveCfg = Release|Any CPU
		{5D1AB9AA-2C3D-4214-9977-B54C39EFF431}.Release|Any CPU.Build.0 = Release|Any CPU
		{7EAA91D2-BDFF-4368-B538-5FCF06B32F06}.Debug|Any CPU.ActiveCfg = Debug|Any CPU
		{7EAA91D2-BDFF-4368-B538-5FCF06B32F06}.Debug|Any CPU.Build.0 = Debug|Any CPU
		{7EAA91D2-BDFF-4368-B538-5FCF06B32F06}.Release|Any CPU.ActiveCfg = Release|Any CPU
		{7EAA91D2-BDFF-4368-B538-5FCF06B32F06}.Release|Any CPU.Build.0 = Release|Any CPU
		{727F83E5-465A-4734-928E-B6537E3C1904}.Debug|Any CPU.ActiveCfg = Debug|Any CPU
		{727F83E5-465A-4734-928E-B6537E3C1904}.Debug|Any CPU.Build.0 = Debug|Any CPU
		{727F83E5-465A-4734-928E-B6537E3C1904}.Release|Any CPU.ActiveCfg = Release|Any CPU
		{727F83E5-465A-4734-928E-B6537E3C1904}.Release|Any CPU.Build.0 = Release|Any CPU
		{B2394405-7262-42DF-B292-93CB13141B8C}.Debug|Any CPU.ActiveCfg = Debug|Any CPU
		{B2394405-7262-42DF-B292-93CB13141B8C}.Debug|Any CPU.Build.0 = Debug|Any CPU
		{B2394405-7262-42DF-B292-93CB13141B8C}.Release|Any CPU.ActiveCfg = Release|Any CPU
		{B2394405-7262-42DF-B292-93CB13141B8C}.Release|Any CPU.Build.0 = Release|Any CPU
		{12FB9598-707E-41A0-BEDB-B3DF3F1F56C6}.Debug|Any CPU.ActiveCfg = Debug|Any CPU
		{12FB9598-707E-41A0-BEDB-B3DF3F1F56C6}.Debug|Any CPU.Build.0 = Debug|Any CPU
		{12FB9598-707E-41A0-BEDB-B3DF3F1F56C6}.Release|Any CPU.ActiveCfg = Release|Any CPU
		{12FB9598-707E-41A0-BEDB-B3DF3F1F56C6}.Release|Any CPU.Build.0 = Release|Any CPU
		{69D2F19A-3589-4DE5-8323-D736500F65F1}.Debug|Any CPU.ActiveCfg = Debug|Any CPU
		{69D2F19A-3589-4DE5-8323-D736500F65F1}.Debug|Any CPU.Build.0 = Debug|Any CPU
		{69D2F19A-3589-4DE5-8323-D736500F65F1}.Release|Any CPU.ActiveCfg = Release|Any CPU
		{69D2F19A-3589-4DE5-8323-D736500F65F1}.Release|Any CPU.Build.0 = Release|Any CPU
		{3E8FFBAB-4BDF-473B-A2F1-5497285CFF3E}.Debug|Any CPU.ActiveCfg = Debug|Any CPU
		{3E8FFBAB-4BDF-473B-A2F1-5497285CFF3E}.Debug|Any CPU.Build.0 = Debug|Any CPU
		{3E8FFBAB-4BDF-473B-A2F1-5497285CFF3E}.Release|Any CPU.ActiveCfg = Release|Any CPU
		{3E8FFBAB-4BDF-473B-A2F1-5497285CFF3E}.Release|Any CPU.Build.0 = Release|Any CPU
		{AC500114-13B6-4684-985B-8679BAEF4812}.Debug|Any CPU.ActiveCfg = Debug|Any CPU
		{AC500114-13B6-4684-985B-8679BAEF4812}.Debug|Any CPU.Build.0 = Debug|Any CPU
		{AC500114-13B6-4684-985B-8679BAEF4812}.Release|Any CPU.ActiveCfg = Release|Any CPU
		{AC500114-13B6-4684-985B-8679BAEF4812}.Release|Any CPU.Build.0 = Release|Any CPU
		{681C1D7D-EAAF-4E4A-A62D-91F40D863D6A}.Debug|Any CPU.ActiveCfg = Debug|Any CPU
		{681C1D7D-EAAF-4E4A-A62D-91F40D863D6A}.Debug|Any CPU.Build.0 = Debug|Any CPU
		{681C1D7D-EAAF-4E4A-A62D-91F40D863D6A}.Release|Any CPU.ActiveCfg = Release|Any CPU
		{681C1D7D-EAAF-4E4A-A62D-91F40D863D6A}.Release|Any CPU.Build.0 = Release|Any CPU
		{4966FA44-FE88-4641-85DF-BC498B86BA03}.Debug|Any CPU.ActiveCfg = Debug|Any CPU
		{4966FA44-FE88-4641-85DF-BC498B86BA03}.Debug|Any CPU.Build.0 = Debug|Any CPU
		{4966FA44-FE88-4641-85DF-BC498B86BA03}.Release|Any CPU.ActiveCfg = Release|Any CPU
		{4966FA44-FE88-4641-85DF-BC498B86BA03}.Release|Any CPU.Build.0 = Release|Any CPU
		{E4D0676B-B407-4E11-9689-83A6A0E470F3}.Debug|Any CPU.ActiveCfg = Debug|Any CPU
		{E4D0676B-B407-4E11-9689-83A6A0E470F3}.Debug|Any CPU.Build.0 = Debug|Any CPU
		{E4D0676B-B407-4E11-9689-83A6A0E470F3}.Release|Any CPU.ActiveCfg = Release|Any CPU
		{E4D0676B-B407-4E11-9689-83A6A0E470F3}.Release|Any CPU.Build.0 = Release|Any CPU
	EndGlobalSection
	GlobalSection(SolutionProperties) = preSolution
		HideSolutionNode = FALSE
	EndGlobalSection
	GlobalSection(ExtensibilityGlobals) = postSolution
		SolutionGuid = {04F6A474-17F2-4A62-8365-3DB7F8F80CA0}
	EndGlobalSection
EndGlobal
