
Microsoft Visual Studio Solution File, Format Version 12.00
# Visual Studio Version 17
VisualStudioVersion = 17.7.34031.279
MinimumVisualStudioVersion = 10.0.40219.1
Project("{9A19103F-16F7-4668-BE54-9A1E7A4F7556}") = "dz", "dz.csproj", "{5D1AB9AA-2C3D-4214-9977-B54C39EFF431}"
EndProject
Project("{9A19103F-16F7-4668-BE54-9A1E7A4F7556}") = "dz2", "dz2\dz2.csproj", "{7EAA91D2-BDFF-4368-B538-5FCF06B32F06}"
EndProject
Project("{9A19103F-16F7-4668-BE54-9A1E7A4F7556}") = "dz2_a", "dz2\dz2_a\dz2_a.csproj", "{727F83E5-465A-4734-928E-B6537E3C1904}"
EndProject
Project("{9A19103F-16F7-4668-BE54-9A1E7A4F7556}") = "dz2_b", "dz2\dz2_b\dz2_b.csproj", "{B2394405-7262-42DF-B292-93CB13141B8C}"
EndProject
Project("{9A19103F-16F7-4668-BE54-9A1E7A4F7556}") = "dz2_v", "dz2\dz2_v\dz2_v.csproj", "{12FB9598-707E-41A0-BEDB-B3DF3F1F56C6}"
EndProject
Project("{9A19103F-16F7-4668-BE54-9A1E7A4F7556}") = "dz_3_1", "dz_3\dz_3_1\dz_3_1.csproj", "{3E8FFBAB-4BDF-473B-A2F1-5497285CFF3E}"
EndProject
Project("{9A19103F-16F7-4668-BE54-9A1E7A4F7556}") = "dz_3_2", "dz_3\dz_3_2\dz_3_2.csproj", "{AC500114-13B6-4684-985B-8679BAEF4812}"
EndProject
Project("{9A19103F-16F7-4668-BE54-9A1E7A4F7556}") = "dz_3_3", "dz_3\dz_3_3\dz_3_3.csproj", "{681C1D7D-EAAF-4E4A-A62D-91F40D863D6A}"
EndProject
Project("{9A19103F-16F7-4668-BE54-9A1E7A4F7556}") = "dz_3_4", "dz_3\dz_3_4\dz_3_4.csproj", "{4966FA44-FE88-4641-85DF-BC498B86BA03}"
EndProject
Project("{9A19103F-16F7-4668-BE54-9A1E7A4F7556}") = "dz_3_5", "dz_3\dz_3_5\dz_3_5.csproj", "{E4D0676B-B407-4E11-9689-83A6A0E470F3}"
EndProject
Project("{9A19103F-16F7-4668-BE54-9A1E7A4F7556}") = "dz_4_1", "dz_4\dz_4_1\dz_4_1.csproj", "{6A75A1F3-2511-46F2-8F8C-CC5765A97D2A}"
EndProject
Project("{9A19103F-16F7-4668-BE54-9A1E7A4F7556}") = "dz_4_2", "dz_4\dz_4_2\dz_4_2.csproj", "{D724232F-7271-4508-9811-8F722B1722FF}"
EndProject
Project("{9A19103F-16F7-4668-BE54-9A1E7A4F7556}") = "dz_4_3", "dz_4\dz_4_3\dz_4_3.csproj", "{95BB647C-06F5-4C0F-BC0D-7B1C231C41C2}"
EndProject
Project("{9A19103F-16F7-4668-BE54-9A1E7A4F7556}") = "dz_4_4", "dz_4\dz_4_4\dz_4_4.csproj", "{A1E9A801-B094-4345-ADDB-037DFB4F68C0}"
EndProject
Project("{9A19103F-16F7-4668-BE54-9A1E7A4F7556}") = "dz_5_1", "dz_5\dz_5_1\dz_5_1.csproj", "{8868F554-5DF4-4847-A2C2-3195A9B52CA5}"
EndProject
Project("{9A19103F-16F7-4668-BE54-9A1E7A4F7556}") = "dz_5_2", "dz_5\dz_5_2\dz_5_2.csproj", "{2F14C0ED-2BB7-48B8-8DD5-933FC9431D90}"
EndProject
Project("{9A19103F-16F7-4668-BE54-9A1E7A4F7556}") = "dz_5_3", "dz_5\dz_5_3\dz_5_3.csproj", "{F6420428-10B3-46E8-9E85-BD3F7389A93D}"
EndProject
Project("{9A19103F-16F7-4668-BE54-9A1E7A4F7556}") = "dz_6_1", "dz_6\dz_6_1\dz_6_1.csproj", "{78E6F799-42AA-4448-910D-95BC5F71F3BF}"
EndProject
Project("{9A19103F-16F7-4668-BE54-9A1E7A4F7556}") = "dz_6_2", "dz_6\dz_6_2\dz_6_2.csproj", "{14CFF3CE-C220-4966-B9A1-AA59CD4D43BE}"
EndProject
Project("{9A19103F-16F7-4668-BE54-9A1E7A4F7556}") = "dz_6_3", "dz_6\dz_6_3\dz_6_3.csproj", "{76EE565A-E397-4B9E-9377-68C3DBB8E8EA}"
EndProject
Project("{9A19103F-16F7-4668-BE54-9A1E7A4F7556}") = "dz_6_4", "dz_6\dz_6_4\dz_6_4.csproj", "{4E41F1B8-D591-400E-AAFF-B9C524E5C226}"
EndProject
Project("{9A19103F-16F7-4668-BE54-9A1E7A4F7556}") = "dz_7", "dz_7\dz_7.csproj", "{B6BF564F-6EF1-4374-B50B-37B3E293B7C1}"
EndProject
Project("{9A19103F-16F7-4668-BE54-9A1E7A4F7556}") = "dz_8", "dz_8\dz_8.csproj", "{2746D556-E2CF-4D30-9AEA-B7138CABB7B1}"
EndProject
Project("{9A19103F-16F7-4668-BE54-9A1E7A4F7556}") = "dz_9", "dz_9\dz_9.csproj", "{25459517-38E5-432A-B89F-67D053A92242}"
EndProject
Project("{9A19103F-16F7-4668-BE54-9A1E7A4F7556}") = "dz_10", "dz_10\dz_10.csproj", "{66215F3E-1D72-4FB6-9FC2-6BDC8AFDFB22}"
EndProject
Project("{9A19103F-16F7-4668-BE54-9A1E7A4F7556}") = "dz_10_1", "dz_10\dz_10_1\dz_10_1.csproj", "{0E6D17A2-9E3C-44B1-B221-234C6D33D011}"
EndProject
Project("{9A19103F-16F7-4668-BE54-9A1E7A4F7556}") = "dz_10_2", "dz_10\dz_10_2\dz_10_2.csproj", "{791B2C31-52CE-44FE-B111-975D8307008D}"
EndProject
Project("{9A19103F-16F7-4668-BE54-9A1E7A4F7556}") = "dz_11", "dz_11\dz_11.csproj", "{01526537-2878-406B-94AE-4104AE1E3EA1}"
EndProject
Project("{9A19103F-16F7-4668-BE54-9A1E7A4F7556}") = "dz_11_1", "dz_11\dz_11_1\dz_11_1.csproj", "{9C96F85E-4F09-47B1-84FD-B86A49BDD4C7}"
EndProject
Project("{9A19103F-16F7-4668-BE54-9A1E7A4F7556}") = "lib11", "dz_11\dz_11_1\lib11\lib11.csproj", "{981A150C-9A04-4D73-AC37-0CB8C8A21C8A}"
EndProject
Project("{9A19103F-16F7-4668-BE54-9A1E7A4F7556}") = "dz_11_2", "dz_11\dz_11_2\dz_11_2.csproj", "{2A24D786-10CA-43B6-8E26-3CE5A245AE27}"
EndProject
Project("{9A19103F-16F7-4668-BE54-9A1E7A4F7556}") = "dz_12", "dz_12\dz_12.csproj", "{B5B9CC05-E498-4F30-ABAE-98CDF8074647}"
EndProject
Project("{9A19103F-16F7-4668-BE54-9A1E7A4F7556}") = "dz_14", "dz_14\dz_14.csproj", "{FD566620-8705-4348-ADF2-C7B49C011F88}"
EndProject
Project("{9A19103F-16F7-4668-BE54-9A1E7A4F7556}") = "dz_14_1", "dz_14\dz_14_1\dz_14_1.csproj", "{F7663DA9-6009-4817-B326-A8A13B996A3F}"
EndProject
Project("{9A19103F-16F7-4668-BE54-9A1E7A4F7556}") = "dz_14_2", "dz_14\dz_14_2\dz_14_2.csproj", "{86E0EB04-C235-4F7F-ADF5-EF4AC7E17303}"
EndProject
Project("{9A19103F-16F7-4668-BE54-9A1E7A4F7556}") = "dz_13", "dz_13\dz_13.csproj", "{F23BE8B8-6A58-4BCF-B2A6-B3F77BF3CB19}"
EndProject
Project("{9A19103F-16F7-4668-BE54-9A1E7A4F7556}") = "dz_15", "dz_15\dz_15.csproj", "{2AA2435C-F142-48DE-9BFF-95830E7766DC}"
EndProject
Project("{9A19103F-16F7-4668-BE54-9A1E7A4F7556}") = "dz_15_1", "dz_15\dz_15_1\dz_15_1.csproj", "{8367EF80-47FE-464A-AA53-7C0C19007B30}"
EndProject
Project("{FAE04EC0-301F-11D3-BF4B-00C04F79EFBC}") = "dz_15_2", "dz_15\dz_15_2\dz_15_2.csproj", "{58C2CF39-9F30-4775-B7D3-E3F9186B5C14}"
EndProject
Global
	GlobalSection(SolutionConfigurationPlatforms) = preSolution
		Debug|Any CPU = Debug|Any CPU
		Release|Any CPU = Release|Any CPU
	EndGlobalSection
	GlobalSection(ProjectConfigurationPlatforms) = postSolution
		{5D1AB9AA-2C3D-4214-9977-B54C39EFF431}.Debug|Any CPU.ActiveCfg = Debug|Any CPU
		{5D1AB9AA-2C3D-4214-9977-B54C39EFF431}.Debug|Any CPU.Build.0 = Debug|Any CPU
		{5D1AB9AA-2C3D-4214-9977-B54C39EFF431}.Release|Any CPU.ActiveCfg = Release|Any CPU
		{5D1AB9AA-2C3D-4214-9977-B54C39EFF431}.Release|Any CPU.Build.0 = Release|Any CPU
		{7EAA91D2-BDFF-4368-B538-5FCF06B32F06}.Debug|Any CPU.ActiveCfg = Debug|Any CPU
		{7EAA91D2-BDFF-4368-B538-5FCF06B32F06}.Debug|Any CPU.Build.0 = Debug|Any CPU
		{7EAA91D2-BDFF-4368-B538-5FCF06B32F06}.Release|Any CPU.ActiveCfg = Release|Any CPU
		{7EAA91D2-BDFF-4368-B538-5FCF06B32F06}.Release|Any CPU.Build.0 = Release|Any CPU
		{727F83E5-465A-4734-928E-B6537E3C1904}.Debug|Any CPU.ActiveCfg = Debug|Any CPU
		{727F83E5-465A-4734-928E-B6537E3C1904}.Debug|Any CPU.Build.0 = Debug|Any CPU
		{727F83E5-465A-4734-928E-B6537E3C1904}.Release|Any CPU.ActiveCfg = Release|Any CPU
		{727F83E5-465A-4734-928E-B6537E3C1904}.Release|Any CPU.Build.0 = Release|Any CPU
		{B2394405-7262-42DF-B292-93CB13141B8C}.Debug|Any CPU.ActiveCfg = Debug|Any CPU
		{B2394405-7262-42DF-B292-93CB13141B8C}.Debug|Any CPU.Build.0 = Debug|Any CPU
		{B2394405-7262-42DF-B292-93CB13141B8C}.Release|Any CPU.ActiveCfg = Release|Any CPU
		{B2394405-7262-42DF-B292-93CB13141B8C}.Release|Any CPU.Build.0 = Release|Any CPU
		{12FB9598-707E-41A0-BEDB-B3DF3F1F56C6}.Debug|Any CPU.ActiveCfg = Debug|Any CPU
		{12FB9598-707E-41A0-BEDB-B3DF3F1F56C6}.Debug|Any CPU.Build.0 = Debug|Any CPU
		{12FB9598-707E-41A0-BEDB-B3DF3F1F56C6}.Release|Any CPU.ActiveCfg = Release|Any CPU
		{12FB9598-707E-41A0-BEDB-B3DF3F1F56C6}.Release|Any CPU.Build.0 = Release|Any CPU
		{3E8FFBAB-4BDF-473B-A2F1-5497285CFF3E}.Debug|Any CPU.ActiveCfg = Debug|Any CPU
		{3E8FFBAB-4BDF-473B-A2F1-5497285CFF3E}.Debug|Any CPU.Build.0 = Debug|Any CPU
		{3E8FFBAB-4BDF-473B-A2F1-5497285CFF3E}.Release|Any CPU.ActiveCfg = Release|Any CPU
		{3E8FFBAB-4BDF-473B-A2F1-5497285CFF3E}.Release|Any CPU.Build.0 = Release|Any CPU
		{AC500114-13B6-4684-985B-8679BAEF4812}.Debug|Any CPU.ActiveCfg = Debug|Any CPU
		{AC500114-13B6-4684-985B-8679BAEF4812}.Debug|Any CPU.Build.0 = Debug|Any CPU
		{AC500114-13B6-4684-985B-8679BAEF4812}.Release|Any CPU.ActiveCfg = Release|Any CPU
		{AC500114-13B6-4684-985B-8679BAEF4812}.Release|Any CPU.Build.0 = Release|Any CPU
		{681C1D7D-EAAF-4E4A-A62D-91F40D863D6A}.Debug|Any CPU.ActiveCfg = Debug|Any CPU
		{681C1D7D-EAAF-4E4A-A62D-91F40D863D6A}.Debug|Any CPU.Build.0 = Debug|Any CPU
		{681C1D7D-EAAF-4E4A-A62D-91F40D863D6A}.Release|Any CPU.ActiveCfg = Release|Any CPU
		{681C1D7D-EAAF-4E4A-A62D-91F40D863D6A}.Release|Any CPU.Build.0 = Release|Any CPU
		{4966FA44-FE88-4641-85DF-BC498B86BA03}.Debug|Any CPU.ActiveCfg = Debug|Any CPU
		{4966FA44-FE88-4641-85DF-BC498B86BA03}.Debug|Any CPU.Build.0 = Debug|Any CPU
		{4966FA44-FE88-4641-85DF-BC498B86BA03}.Release|Any CPU.ActiveCfg = Release|Any CPU
		{4966FA44-FE88-4641-85DF-BC498B86BA03}.Release|Any CPU.Build.0 = Release|Any CPU
		{E4D0676B-B407-4E11-9689-83A6A0E470F3}.Debug|Any CPU.ActiveCfg = Debug|Any CPU
		{E4D0676B-B407-4E11-9689-83A6A0E470F3}.Debug|Any CPU.Build.0 = Debug|Any CPU
		{E4D0676B-B407-4E11-9689-83A6A0E470F3}.Release|Any CPU.ActiveCfg = Release|Any CPU
		{E4D0676B-B407-4E11-9689-83A6A0E470F3}.Release|Any CPU.Build.0 = Release|Any CPU
		{6A75A1F3-2511-46F2-8F8C-CC5765A97D2A}.Debug|Any CPU.ActiveCfg = Debug|Any CPU
		{6A75A1F3-2511-46F2-8F8C-CC5765A97D2A}.Debug|Any CPU.Build.0 = Debug|Any CPU
		{6A75A1F3-2511-46F2-8F8C-CC5765A97D2A}.Release|Any CPU.ActiveCfg = Release|Any CPU
		{6A75A1F3-2511-46F2-8F8C-CC5765A97D2A}.Release|Any CPU.Build.0 = Release|Any CPU
		{D724232F-7271-4508-9811-8F722B1722FF}.Debug|Any CPU.ActiveCfg = Debug|Any CPU
		{D724232F-7271-4508-9811-8F722B1722FF}.Debug|Any CPU.Build.0 = Debug|Any CPU
		{D724232F-7271-4508-9811-8F722B1722FF}.Release|Any CPU.ActiveCfg = Release|Any CPU
		{D724232F-7271-4508-9811-8F722B1722FF}.Release|Any CPU.Build.0 = Release|Any CPU
		{95BB647C-06F5-4C0F-BC0D-7B1C231C41C2}.Debug|Any CPU.ActiveCfg = Debug|Any CPU
		{95BB647C-06F5-4C0F-BC0D-7B1C231C41C2}.Debug|Any CPU.Build.0 = Debug|Any CPU
		{95BB647C-06F5-4C0F-BC0D-7B1C231C41C2}.Release|Any CPU.ActiveCfg = Release|Any CPU
		{95BB647C-06F5-4C0F-BC0D-7B1C231C41C2}.Release|Any CPU.Build.0 = Release|Any CPU
		{A1E9A801-B094-4345-ADDB-037DFB4F68C0}.Debug|Any CPU.ActiveCfg = Debug|Any CPU
		{A1E9A801-B094-4345-ADDB-037DFB4F68C0}.Debug|Any CPU.Build.0 = Debug|Any CPU
		{A1E9A801-B094-4345-ADDB-037DFB4F68C0}.Release|Any CPU.ActiveCfg = Release|Any CPU
		{A1E9A801-B094-4345-ADDB-037DFB4F68C0}.Release|Any CPU.Build.0 = Release|Any CPU
		{8868F554-5DF4-4847-A2C2-3195A9B52CA5}.Debug|Any CPU.ActiveCfg = Debug|Any CPU
		{8868F554-5DF4-4847-A2C2-3195A9B52CA5}.Debug|Any CPU.Build.0 = Debug|Any CPU
		{8868F554-5DF4-4847-A2C2-3195A9B52CA5}.Release|Any CPU.ActiveCfg = Release|Any CPU
		{8868F554-5DF4-4847-A2C2-3195A9B52CA5}.Release|Any CPU.Build.0 = Release|Any CPU
		{2F14C0ED-2BB7-48B8-8DD5-933FC9431D90}.Debug|Any CPU.ActiveCfg = Debug|Any CPU
		{2F14C0ED-2BB7-48B8-8DD5-933FC9431D90}.Debug|Any CPU.Build.0 = Debug|Any CPU
		{2F14C0ED-2BB7-48B8-8DD5-933FC9431D90}.Release|Any CPU.ActiveCfg = Release|Any CPU
		{2F14C0ED-2BB7-48B8-8DD5-933FC9431D90}.Release|Any CPU.Build.0 = Release|Any CPU
		{F6420428-10B3-46E8-9E85-BD3F7389A93D}.Debug|Any CPU.ActiveCfg = Debug|Any CPU
		{F6420428-10B3-46E8-9E85-BD3F7389A93D}.Debug|Any CPU.Build.0 = Debug|Any CPU
		{F6420428-10B3-46E8-9E85-BD3F7389A93D}.Release|Any CPU.ActiveCfg = Release|Any CPU
		{F6420428-10B3-46E8-9E85-BD3F7389A93D}.Release|Any CPU.Build.0 = Release|Any CPU
		{78E6F799-42AA-4448-910D-95BC5F71F3BF}.Debug|Any CPU.ActiveCfg = Debug|Any CPU
		{78E6F799-42AA-4448-910D-95BC5F71F3BF}.Debug|Any CPU.Build.0 = Debug|Any CPU
		{78E6F799-42AA-4448-910D-95BC5F71F3BF}.Release|Any CPU.ActiveCfg = Release|Any CPU
		{78E6F799-42AA-4448-910D-95BC5F71F3BF}.Release|Any CPU.Build.0 = Release|Any CPU
		{14CFF3CE-C220-4966-B9A1-AA59CD4D43BE}.Debug|Any CPU.ActiveCfg = Debug|Any CPU
		{14CFF3CE-C220-4966-B9A1-AA59CD4D43BE}.Debug|Any CPU.Build.0 = Debug|Any CPU
		{14CFF3CE-C220-4966-B9A1-AA59CD4D43BE}.Release|Any CPU.ActiveCfg = Release|Any CPU
		{14CFF3CE-C220-4966-B9A1-AA59CD4D43BE}.Release|Any CPU.Build.0 = Release|Any CPU
		{76EE565A-E397-4B9E-9377-68C3DBB8E8EA}.Debug|Any CPU.ActiveCfg = Debug|Any CPU
		{76EE565A-E397-4B9E-9377-68C3DBB8E8EA}.Debug|Any CPU.Build.0 = Debug|Any CPU
		{76EE565A-E397-4B9E-9377-68C3DBB8E8EA}.Release|Any CPU.ActiveCfg = Release|Any CPU
		{76EE565A-E397-4B9E-9377-68C3DBB8E8EA}.Release|Any CPU.Build.0 = Release|Any CPU
		{4E41F1B8-D591-400E-AAFF-B9C524E5C226}.Debug|Any CPU.ActiveCfg = Debug|Any CPU
		{4E41F1B8-D591-400E-AAFF-B9C524E5C226}.Debug|Any CPU.Build.0 = Debug|Any CPU
		{4E41F1B8-D591-400E-AAFF-B9C524E5C226}.Release|Any CPU.ActiveCfg = Release|Any CPU
		{4E41F1B8-D591-400E-AAFF-B9C524E5C226}.Release|Any CPU.Build.0 = Release|Any CPU
		{B6BF564F-6EF1-4374-B50B-37B3E293B7C1}.Debug|Any CPU.ActiveCfg = Debug|Any CPU
		{B6BF564F-6EF1-4374-B50B-37B3E293B7C1}.Debug|Any CPU.Build.0 = Debug|Any CPU
		{B6BF564F-6EF1-4374-B50B-37B3E293B7C1}.Release|Any CPU.ActiveCfg = Release|Any CPU
		{B6BF564F-6EF1-4374-B50B-37B3E293B7C1}.Release|Any CPU.Build.0 = Release|Any CPU
		{2746D556-E2CF-4D30-9AEA-B7138CABB7B1}.Debug|Any CPU.ActiveCfg = Debug|Any CPU
		{2746D556-E2CF-4D30-9AEA-B7138CABB7B1}.Debug|Any CPU.Build.0 = Debug|Any CPU
		{2746D556-E2CF-4D30-9AEA-B7138CABB7B1}.Release|Any CPU.ActiveCfg = Release|Any CPU
		{2746D556-E2CF-4D30-9AEA-B7138CABB7B1}.Release|Any CPU.Build.0 = Release|Any CPU
		{25459517-38E5-432A-B89F-67D053A92242}.Debug|Any CPU.ActiveCfg = Debug|Any CPU
		{25459517-38E5-432A-B89F-67D053A92242}.Debug|Any CPU.Build.0 = Debug|Any CPU
		{25459517-38E5-432A-B89F-67D053A92242}.Release|Any CPU.ActiveCfg = Release|Any CPU
		{25459517-38E5-432A-B89F-67D053A92242}.Release|Any CPU.Build.0 = Release|Any CPU
		{66215F3E-1D72-4FB6-9FC2-6BDC8AFDFB22}.Debug|Any CPU.ActiveCfg = Debug|Any CPU
		{66215F3E-1D72-4FB6-9FC2-6BDC8AFDFB22}.Debug|Any CPU.Build.0 = Debug|Any CPU
		{66215F3E-1D72-4FB6-9FC2-6BDC8AFDFB22}.Release|Any CPU.ActiveCfg = Release|Any CPU
		{66215F3E-1D72-4FB6-9FC2-6BDC8AFDFB22}.Release|Any CPU.Build.0 = Release|Any CPU
		{0E6D17A2-9E3C-44B1-B221-234C6D33D011}.Debug|Any CPU.ActiveCfg = Debug|Any CPU
		{0E6D17A2-9E3C-44B1-B221-234C6D33D011}.Debug|Any CPU.Build.0 = Debug|Any CPU
		{0E6D17A2-9E3C-44B1-B221-234C6D33D011}.Release|Any CPU.ActiveCfg = Release|Any CPU
		{0E6D17A2-9E3C-44B1-B221-234C6D33D011}.Release|Any CPU.Build.0 = Release|Any CPU
		{791B2C31-52CE-44FE-B111-975D8307008D}.Debug|Any CPU.ActiveCfg = Debug|Any CPU
		{791B2C31-52CE-44FE-B111-975D8307008D}.Debug|Any CPU.Build.0 = Debug|Any CPU
		{791B2C31-52CE-44FE-B111-975D8307008D}.Release|Any CPU.ActiveCfg = Release|Any CPU
		{791B2C31-52CE-44FE-B111-975D8307008D}.Release|Any CPU.Build.0 = Release|Any CPU
		{01526537-2878-406B-94AE-4104AE1E3EA1}.Debug|Any CPU.ActiveCfg = Debug|Any CPU
		{01526537-2878-406B-94AE-4104AE1E3EA1}.Debug|Any CPU.Build.0 = Debug|Any CPU
		{01526537-2878-406B-94AE-4104AE1E3EA1}.Release|Any CPU.ActiveCfg = Release|Any CPU
		{01526537-2878-406B-94AE-4104AE1E3EA1}.Release|Any CPU.Build.0 = Release|Any CPU
		{9C96F85E-4F09-47B1-84FD-B86A49BDD4C7}.Debug|Any CPU.ActiveCfg = Debug|Any CPU
		{9C96F85E-4F09-47B1-84FD-B86A49BDD4C7}.Debug|Any CPU.Build.0 = Debug|Any CPU
		{9C96F85E-4F09-47B1-84FD-B86A49BDD4C7}.Release|Any CPU.ActiveCfg = Release|Any CPU
		{9C96F85E-4F09-47B1-84FD-B86A49BDD4C7}.Release|Any CPU.Build.0 = Release|Any CPU
		{981A150C-9A04-4D73-AC37-0CB8C8A21C8A}.Debug|Any CPU.ActiveCfg = Debug|Any CPU
		{981A150C-9A04-4D73-AC37-0CB8C8A21C8A}.Debug|Any CPU.Build.0 = Debug|Any CPU
		{981A150C-9A04-4D73-AC37-0CB8C8A21C8A}.Release|Any CPU.ActiveCfg = Release|Any CPU
		{981A150C-9A04-4D73-AC37-0CB8C8A21C8A}.Release|Any CPU.Build.0 = Release|Any CPU
		{2A24D786-10CA-43B6-8E26-3CE5A245AE27}.Debug|Any CPU.ActiveCfg = Debug|Any CPU
		{2A24D786-10CA-43B6-8E26-3CE5A245AE27}.Debug|Any CPU.Build.0 = Debug|Any CPU
		{2A24D786-10CA-43B6-8E26-3CE5A245AE27}.Release|Any CPU.ActiveCfg = Release|Any CPU
		{2A24D786-10CA-43B6-8E26-3CE5A245AE27}.Release|Any CPU.Build.0 = Release|Any CPU
		{B5B9CC05-E498-4F30-ABAE-98CDF8074647}.Debug|Any CPU.ActiveCfg = Debug|Any CPU
		{B5B9CC05-E498-4F30-ABAE-98CDF8074647}.Debug|Any CPU.Build.0 = Debug|Any CPU
		{B5B9CC05-E498-4F30-ABAE-98CDF8074647}.Release|Any CPU.ActiveCfg = Release|Any CPU
		{B5B9CC05-E498-4F30-ABAE-98CDF8074647}.Release|Any CPU.Build.0 = Release|Any CPU
		{FD566620-8705-4348-ADF2-C7B49C011F88}.Debug|Any CPU.ActiveCfg = Debug|Any CPU
		{FD566620-8705-4348-ADF2-C7B49C011F88}.Debug|Any CPU.Build.0 = Debug|Any CPU
		{FD566620-8705-4348-ADF2-C7B49C011F88}.Release|Any CPU.ActiveCfg = Release|Any CPU
		{FD566620-8705-4348-ADF2-C7B49C011F88}.Release|Any CPU.Build.0 = Release|Any CPU
		{F7663DA9-6009-4817-B326-A8A13B996A3F}.Debug|Any CPU.ActiveCfg = Debug|Any CPU
		{F7663DA9-6009-4817-B326-A8A13B996A3F}.Debug|Any CPU.Build.0 = Debug|Any CPU
		{F7663DA9-6009-4817-B326-A8A13B996A3F}.Release|Any CPU.ActiveCfg = Release|Any CPU
		{F7663DA9-6009-4817-B326-A8A13B996A3F}.Release|Any CPU.Build.0 = Release|Any CPU
		{86E0EB04-C235-4F7F-ADF5-EF4AC7E17303}.Debug|Any CPU.ActiveCfg = Debug|Any CPU
		{86E0EB04-C235-4F7F-ADF5-EF4AC7E17303}.Debug|Any CPU.Build.0 = Debug|Any CPU
		{86E0EB04-C235-4F7F-ADF5-EF4AC7E17303}.Release|Any CPU.ActiveCfg = Release|Any CPU
		{86E0EB04-C235-4F7F-ADF5-EF4AC7E17303}.Release|Any CPU.Build.0 = Release|Any CPU
		{F23BE8B8-6A58-4BCF-B2A6-B3F77BF3CB19}.Debug|Any CPU.ActiveCfg = Debug|Any CPU
		{F23BE8B8-6A58-4BCF-B2A6-B3F77BF3CB19}.Debug|Any CPU.Build.0 = Debug|Any CPU
		{F23BE8B8-6A58-4BCF-B2A6-B3F77BF3CB19}.Release|Any CPU.ActiveCfg = Release|Any CPU
		{F23BE8B8-6A58-4BCF-B2A6-B3F77BF3CB19}.Release|Any CPU.Build.0 = Release|Any CPU
		{2AA2435C-F142-48DE-9BFF-95830E7766DC}.Debug|Any CPU.ActiveCfg = Debug|Any CPU
		{2AA2435C-F142-48DE-9BFF-95830E7766DC}.Debug|Any CPU.Build.0 = Debug|Any CPU
		{2AA2435C-F142-48DE-9BFF-95830E7766DC}.Release|Any CPU.ActiveCfg = Release|Any CPU
		{2AA2435C-F142-48DE-9BFF-95830E7766DC}.Release|Any CPU.Build.0 = Release|Any CPU
		{8367EF80-47FE-464A-AA53-7C0C19007B30}.Debug|Any CPU.ActiveCfg = Debug|Any CPU
		{8367EF80-47FE-464A-AA53-7C0C19007B30}.Debug|Any CPU.Build.0 = Debug|Any CPU
		{8367EF80-47FE-464A-AA53-7C0C19007B30}.Release|Any CPU.ActiveCfg = Release|Any CPU
		{8367EF80-47FE-464A-AA53-7C0C19007B30}.Release|Any CPU.Build.0 = Release|Any CPU
		{58C2CF39-9F30-4775-B7D3-E3F9186B5C14}.Debug|Any CPU.ActiveCfg = Debug|Any CPU
		{58C2CF39-9F30-4775-B7D3-E3F9186B5C14}.Debug|Any CPU.Build.0 = Debug|Any CPU
		{58C2CF39-9F30-4775-B7D3-E3F9186B5C14}.Release|Any CPU.ActiveCfg = Release|Any CPU
		{58C2CF39-9F30-4775-B7D3-E3F9186B5C14}.Release|Any CPU.Build.0 = Release|Any CPU
	EndGlobalSection
	GlobalSection(SolutionProperties) = preSolution
		HideSolutionNode = FALSE
	EndGlobalSection
	GlobalSection(ExtensibilityGlobals) = postSolution
		SolutionGuid = {04F6A474-17F2-4A62-8365-3DB7F8F80CA0}
	EndGlobalSection
EndGlobal
