
Microsoft Visual Studio Solution File, Format Version 12.00
# Visual Studio Version 17
VisualStudioVersion = 17.7.34031.279
MinimumVisualStudioVersion = 10.0.40219.1
Project("{FAE04EC0-301F-11D3-BF4B-00C04F79EFBC}") = "dz", "dz.csproj", "{5D1AB9AA-2C3D-4214-9977-B54C39EFF431}"
EndProject
Global
	GlobalSection(SolutionConfigurationPlatforms) = preSolution
		Debug|Any CPU = Debug|Any CPU
		Release|Any CPU = Release|Any CPU
	EndGlobalSection
	GlobalSection(ProjectConfigurationPlatforms) = postSolution
		{5D1AB9AA-2C3D-4214-9977-B54C39EFF431}.Debug|Any CPU.ActiveCfg = Debug|Any CPU
		{5D1AB9AA-2C3D-4214-9977-B54C39EFF431}.Debug|Any CPU.Build.0 = Debug|Any CPU
		{5D1AB9AA-2C3D-4214-9977-B54C39EFF431}.Release|Any CPU.ActiveCfg = Release|Any CPU
		{5D1AB9AA-2C3D-4214-9977-B54C39EFF431}.Release|Any CPU.Build.0 = Release|Any CPU
	EndGlobalSection
	GlobalSection(SolutionProperties) = preSolution
		HideSolutionNode = FALSE
	EndGlobalSection
	GlobalSection(ExtensibilityGlobals) = postSolution
		SolutionGuid = {04F6A474-17F2-4A62-8365-3DB7F8F80CA0}
	EndGlobalSection
EndGlobal
